
Microsoft Visual Studio Solution File, Format Version 12.00
# Visual Studio Version 17
VisualStudioVersion = 17.2.32516.85
MinimumVisualStudioVersion = 10.0.40219.1
Project("{FAE04EC0-301F-11D3-BF4B-00C04F79EFBC}") = "Device_Management_Web", "Device_Management_Web.csproj", "{BCBF741C-731F-4B26-9689-77ABB1B9A040}"
EndProject
Global
	GlobalSection(SolutionConfigurationPlatforms) = preSolution
		Debug|Any CPU = Debug|Any CPU
		Release|Any CPU = Release|Any CPU
	EndGlobalSection
	GlobalSection(ProjectConfigurationPlatforms) = postSolution
		{BCBF741C-731F-4B26-9689-77ABB1B9A040}.Debug|Any CPU.ActiveCfg = Debug|Any CPU
		{BCBF741C-731F-4B26-9689-77ABB1B9A040}.Debug|Any CPU.Build.0 = Debug|Any CPU
		{BCBF741C-731F-4B26-9689-77ABB1B9A040}.Release|Any CPU.ActiveCfg = Release|Any CPU
		{BCBF741C-731F-4B26-9689-77ABB1B9A040}.Release|Any CPU.Build.0 = Release|Any CPU
	EndGlobalSection
	GlobalSection(SolutionProperties) = preSolution
		HideSolutionNode = FALSE
	EndGlobalSection
	GlobalSection(ExtensibilityGlobals) = postSolution
		SolutionGuid = {B4E989A0-C5A7-4698-9D71-3378514DA620}
	EndGlobalSection
EndGlobal
